
Microsoft Visual Studio Solution File, Format Version 12.00
# Visual Studio Version 17
VisualStudioVersion = 17.4.33213.308
MinimumVisualStudioVersion = 10.0.40219.1
Project("{FAE04EC0-301F-11D3-BF4B-00C04F79EFBC}") = "MODUL6_1302213079", "MODUL6_1302213079\MODUL6_1302213079.csproj", "{166E3619-FCBD-43A3-99AB-1862B402BB99}"
EndProject
Global
	GlobalSection(SolutionConfigurationPlatforms) = preSolution
		Debug|Any CPU = Debug|Any CPU
		Release|Any CPU = Release|Any CPU
	EndGlobalSection
	GlobalSection(ProjectConfigurationPlatforms) = postSolution
		{166E3619-FCBD-43A3-99AB-1862B402BB99}.Debug|Any CPU.ActiveCfg = Debug|Any CPU
		{166E3619-FCBD-43A3-99AB-1862B402BB99}.Debug|Any CPU.Build.0 = Debug|Any CPU
		{166E3619-FCBD-43A3-99AB-1862B402BB99}.Release|Any CPU.ActiveCfg = Release|Any CPU
		{166E3619-FCBD-43A3-99AB-1862B402BB99}.Release|Any CPU.Build.0 = Release|Any CPU
	EndGlobalSection
	GlobalSection(SolutionProperties) = preSolution
		HideSolutionNode = FALSE
	EndGlobalSection
	GlobalSection(ExtensibilityGlobals) = postSolution
		SolutionGuid = {AF22305C-954D-4AA6-BAFE-F374E2FDFAC1}
	EndGlobalSection
EndGlobal
